
Microsoft Visual Studio Solution File, Format Version 12.00
# Visual Studio 15
VisualStudioVersion = 15.0.27130.2024
MinimumVisualStudioVersion = 10.0.40219.1
Project("{FAE04EC0-301F-11D3-BF4B-00C04F79EFBC}") = "ARFE", "ARFE\ARFE.csproj", "{75E41024-AD66-445F-9143-E2C3F7A2DE53}"
EndProject
Project("{FAE04EC0-301F-11D3-BF4B-00C04F79EFBC}") = "ARFE.Tests", "ARFE.Tests\ARFE.Tests.csproj", "{F08AC202-3B56-4C2C-A3AD-5385E360CF3D}"
EndProject
Project("{FAE04EC0-301F-11D3-BF4B-00C04F79EFBC}") = "DBConnector.Tests", "DBConnector.Tests\DBConnector.Tests.csproj", "{CFC7BA28-5D7C-4243-ABDF-2905FAC2C3A5}"
EndProject
Project("{FAE04EC0-301F-11D3-BF4B-00C04F79EFBC}") = "DBConnector", "DBConnector\DBConnector.csproj", "{5A7827D8-D87F-4899-AF87-E9A3A8A8DABD}"
EndProject
Project("{FAE04EC0-301F-11D3-BF4B-00C04F79EFBC}") = "ResultReporter", "ResultReporter\ResultReporter.csproj", "{A48D2583-957D-4946-A8FE-26F076DE1E28}"
EndProject
Global
	GlobalSection(SolutionConfigurationPlatforms) = preSolution
		Debug|Any CPU = Debug|Any CPU
		Release|Any CPU = Release|Any CPU
	EndGlobalSection
	GlobalSection(ProjectConfigurationPlatforms) = postSolution
		{75E41024-AD66-445F-9143-E2C3F7A2DE53}.Debug|Any CPU.ActiveCfg = Debug|Any CPU
		{75E41024-AD66-445F-9143-E2C3F7A2DE53}.Debug|Any CPU.Build.0 = Debug|Any CPU
		{75E41024-AD66-445F-9143-E2C3F7A2DE53}.Release|Any CPU.ActiveCfg = Release|Any CPU
		{75E41024-AD66-445F-9143-E2C3F7A2DE53}.Release|Any CPU.Build.0 = Release|Any CPU
		{F08AC202-3B56-4C2C-A3AD-5385E360CF3D}.Debug|Any CPU.ActiveCfg = Debug|Any CPU
		{F08AC202-3B56-4C2C-A3AD-5385E360CF3D}.Debug|Any CPU.Build.0 = Debug|Any CPU
		{F08AC202-3B56-4C2C-A3AD-5385E360CF3D}.Release|Any CPU.ActiveCfg = Release|Any CPU
		{F08AC202-3B56-4C2C-A3AD-5385E360CF3D}.Release|Any CPU.Build.0 = Release|Any CPU
		{CFC7BA28-5D7C-4243-ABDF-2905FAC2C3A5}.Debug|Any CPU.ActiveCfg = Debug|Any CPU
		{CFC7BA28-5D7C-4243-ABDF-2905FAC2C3A5}.Debug|Any CPU.Build.0 = Debug|Any CPU
		{CFC7BA28-5D7C-4243-ABDF-2905FAC2C3A5}.Release|Any CPU.ActiveCfg = Release|Any CPU
		{CFC7BA28-5D7C-4243-ABDF-2905FAC2C3A5}.Release|Any CPU.Build.0 = Release|Any CPU
		{5A7827D8-D87F-4899-AF87-E9A3A8A8DABD}.Debug|Any CPU.ActiveCfg = Debug|Any CPU
		{5A7827D8-D87F-4899-AF87-E9A3A8A8DABD}.Debug|Any CPU.Build.0 = Debug|Any CPU
		{5A7827D8-D87F-4899-AF87-E9A3A8A8DABD}.Release|Any CPU.ActiveCfg = Release|Any CPU
		{5A7827D8-D87F-4899-AF87-E9A3A8A8DABD}.Release|Any CPU.Build.0 = Release|Any CPU
		{A48D2583-957D-4946-A8FE-26F076DE1E28}.Debug|Any CPU.ActiveCfg = Debug|Any CPU
		{A48D2583-957D-4946-A8FE-26F076DE1E28}.Debug|Any CPU.Build.0 = Debug|Any CPU
		{A48D2583-957D-4946-A8FE-26F076DE1E28}.Release|Any CPU.ActiveCfg = Release|Any CPU
		{A48D2583-957D-4946-A8FE-26F076DE1E28}.Release|Any CPU.Build.0 = Release|Any CPU
	EndGlobalSection
	GlobalSection(SolutionProperties) = preSolution
		HideSolutionNode = FALSE
	EndGlobalSection
	GlobalSection(ExtensibilityGlobals) = postSolution
		SolutionGuid = {4F32F298-3406-42DB-9427-4447C104E51D}
	EndGlobalSection
EndGlobal
